
Microsoft Visual Studio Solution File, Format Version 12.00
# Visual Studio Version 17
VisualStudioVersion = 17.11.35327.3
MinimumVisualStudioVersion = 10.0.40219.1
Project("{9A19103F-16F7-4668-BE54-9A1E7A4F7556}") = "01SchoolManagementSystem", "01SchoolManagementSystem\01SchoolManagementSystem.csproj", "{ADB5DC3A-DB89-4B88-94D7-DDA548BC89BC}"
EndProject
Project("{9A19103F-16F7-4668-BE54-9A1E7A4F7556}") = "02Constructor", "02Constructor\02Constructor.csproj", "{B9FB8F12-35A0-42ED-AAB3-3B4D80F5A587}"
EndProject
Project("{9A19103F-16F7-4668-BE54-9A1E7A4F7556}") = "03LibraryBookRegistrationApp", "03Library\03LibraryBookRegistrationApp.csproj", "{FACB45D2-37C4-4F4D-A129-A4964FE78E9E}"
EndProject
Project("{FAE04EC0-301F-11D3-BF4B-00C04F79EFBC}") = "04Encapsulation", "04Encapsulation\04Encapsulation.csproj", "{C2CA0F2E-3D70-4254-B0F3-8ECF61093AB1}"
EndProject
Global
	GlobalSection(SolutionConfigurationPlatforms) = preSolution
		Debug|Any CPU = Debug|Any CPU
		Release|Any CPU = Release|Any CPU
	EndGlobalSection
	GlobalSection(ProjectConfigurationPlatforms) = postSolution
		{ADB5DC3A-DB89-4B88-94D7-DDA548BC89BC}.Debug|Any CPU.ActiveCfg = Debug|Any CPU
		{ADB5DC3A-DB89-4B88-94D7-DDA548BC89BC}.Debug|Any CPU.Build.0 = Debug|Any CPU
		{ADB5DC3A-DB89-4B88-94D7-DDA548BC89BC}.Release|Any CPU.ActiveCfg = Release|Any CPU
		{ADB5DC3A-DB89-4B88-94D7-DDA548BC89BC}.Release|Any CPU.Build.0 = Release|Any CPU
		{B9FB8F12-35A0-42ED-AAB3-3B4D80F5A587}.Debug|Any CPU.ActiveCfg = Debug|Any CPU
		{B9FB8F12-35A0-42ED-AAB3-3B4D80F5A587}.Debug|Any CPU.Build.0 = Debug|Any CPU
		{B9FB8F12-35A0-42ED-AAB3-3B4D80F5A587}.Release|Any CPU.ActiveCfg = Release|Any CPU
		{B9FB8F12-35A0-42ED-AAB3-3B4D80F5A587}.Release|Any CPU.Build.0 = Release|Any CPU
		{FACB45D2-37C4-4F4D-A129-A4964FE78E9E}.Debug|Any CPU.ActiveCfg = Debug|Any CPU
		{FACB45D2-37C4-4F4D-A129-A4964FE78E9E}.Debug|Any CPU.Build.0 = Debug|Any CPU
		{FACB45D2-37C4-4F4D-A129-A4964FE78E9E}.Release|Any CPU.ActiveCfg = Release|Any CPU
		{FACB45D2-37C4-4F4D-A129-A4964FE78E9E}.Release|Any CPU.Build.0 = Release|Any CPU
		{C2CA0F2E-3D70-4254-B0F3-8ECF61093AB1}.Debug|Any CPU.ActiveCfg = Debug|Any CPU
		{C2CA0F2E-3D70-4254-B0F3-8ECF61093AB1}.Debug|Any CPU.Build.0 = Debug|Any CPU
		{C2CA0F2E-3D70-4254-B0F3-8ECF61093AB1}.Release|Any CPU.ActiveCfg = Release|Any CPU
		{C2CA0F2E-3D70-4254-B0F3-8ECF61093AB1}.Release|Any CPU.Build.0 = Release|Any CPU
	EndGlobalSection
	GlobalSection(SolutionProperties) = preSolution
		HideSolutionNode = FALSE
	EndGlobalSection
	GlobalSection(ExtensibilityGlobals) = postSolution
		SolutionGuid = {3777EBC6-26F1-4300-9625-5F7A179CBEE3}
	EndGlobalSection
EndGlobal
